
Microsoft Visual Studio Solution File, Format Version 12.00
# Visual Studio Version 17
VisualStudioVersion = 17.13.35919.96 d17.13
MinimumVisualStudioVersion = 10.0.40219.1
Project("{FAE04EC0-301F-11D3-BF4B-00C04F79EFBC}") = "Assignment3.1.2", "Assignment3.1.2.csproj", "{A267F349-60D7-4BD1-8FF1-C1237985514E}"
EndProject
Global
	GlobalSection(SolutionConfigurationPlatforms) = preSolution
		Debug|Any CPU = Debug|Any CPU
		Release|Any CPU = Release|Any CPU
	EndGlobalSection
	GlobalSection(ProjectConfigurationPlatforms) = postSolution
		{A267F349-60D7-4BD1-8FF1-C1237985514E}.Debug|Any CPU.ActiveCfg = Debug|Any CPU
		{A267F349-60D7-4BD1-8FF1-C1237985514E}.Debug|Any CPU.Build.0 = Debug|Any CPU
		{A267F349-60D7-4BD1-8FF1-C1237985514E}.Release|Any CPU.ActiveCfg = Release|Any CPU
		{A267F349-60D7-4BD1-8FF1-C1237985514E}.Release|Any CPU.Build.0 = Release|Any CPU
	EndGlobalSection
	GlobalSection(SolutionProperties) = preSolution
		HideSolutionNode = FALSE
	EndGlobalSection
	GlobalSection(ExtensibilityGlobals) = postSolution
		SolutionGuid = {040DDD1D-6996-4BAA-AD54-74A635E9E4B3}
	EndGlobalSection
EndGlobal
